
Microsoft Visual Studio Solution File, Format Version 12.00
# Visual Studio Version 16
VisualStudioVersion = 16.0.29215.179
MinimumVisualStudioVersion = 10.0.40219.1
Project("{FAE04EC0-301F-11D3-BF4B-00C04F79EFBC}") = "TaskGame", "TaskGame\TaskGame.csproj", "{0A587424-A0B4-4990-A753-3FC3D034DD4F}"
EndProject
Global
	GlobalSection(SolutionConfigurationPlatforms) = preSolution
		Debug|Any CPU = Debug|Any CPU
		Release|Any CPU = Release|Any CPU
	EndGlobalSection
	GlobalSection(ProjectConfigurationPlatforms) = postSolution
		{0A587424-A0B4-4990-A753-3FC3D034DD4F}.Debug|Any CPU.ActiveCfg = Debug|Any CPU
		{0A587424-A0B4-4990-A753-3FC3D034DD4F}.Debug|Any CPU.Build.0 = Debug|Any CPU
		{0A587424-A0B4-4990-A753-3FC3D034DD4F}.Release|Any CPU.ActiveCfg = Release|Any CPU
		{0A587424-A0B4-4990-A753-3FC3D034DD4F}.Release|Any CPU.Build.0 = Release|Any CPU
	EndGlobalSection
	GlobalSection(SolutionProperties) = preSolution
		HideSolutionNode = FALSE
	EndGlobalSection
	GlobalSection(ExtensibilityGlobals) = postSolution
		SolutionGuid = {6880CF5D-B5C2-4400-8E34-9700E818087C}
	EndGlobalSection
EndGlobal
